// !$*UTF8*$!
{
	archiveVersion = 1;
	classes = {
	};
	objectVersion = 50;
	objects = {

/* Begin PBXBuildFile section */
		E1617F65246164A800C6DCC1 /* AppDelegate.m in Sources */ = {isa = PBXBuildFile; fileRef = E1617F64246164A800C6DCC1 /* AppDelegate.m */; };
		E1617F6B246164A800C6DCC1 /* ViewController.m in Sources */ = {isa = PBXBuildFile; fileRef = E1617F6A246164A800C6DCC1 /* ViewController.m */; };
		E1617F6E246164A800C6DCC1 /* Main.storyboard in Resources */ = {isa = PBXBuildFile; fileRef = E1617F6C246164A800C6DCC1 /* Main.storyboard */; };
		E1617F70246164AD00C6DCC1 /* Assets.xcassets in Resources */ = {isa = PBXBuildFile; fileRef = E1617F6F246164AD00C6DCC1 /* Assets.xcassets */; };
		E1617F73246164AD00C6DCC1 /* LaunchScreen.storyboard in Resources */ = {isa = PBXBuildFile; fileRef = E1617F71246164AD00C6DCC1 /* LaunchScreen.storyboard */; };
		E1617F76246164AD00C6DCC1 /* main.m in Sources */ = {isa = PBXBuildFile; fileRef = E1617F75246164AD00C6DCC1 /* main.m */; };
		E1617F8124616C3600C6DCC1 /* UIWebView-JavaScriptCore.html in Resources */ = {isa = PBXBuildFile; fileRef = E1617F7F24616C3600C6DCC1 /* UIWebView-JavaScriptCore.html */; };
		E1617F8224616C3600C6DCC1 /* UIWebView-JSExport.html in Resources */ = {isa = PBXBuildFile; fileRef = E1617F8024616C3600C6DCC1 /* UIWebView-JSExport.html */; };
		E1617F8524616C6600C6DCC1 /* UIWebViewJSCore.m in Sources */ = {isa = PBXBuildFile; fileRef = E1617F8424616C6600C6DCC1 /* UIWebViewJSCore.m */; };
		E1617F882461748300C6DCC1 /* UIWebViewJSExport.m in Sources */ = {isa = PBXBuildFile; fileRef = E1617F872461748300C6DCC1 /* UIWebViewJSExport.m */; };
		E1617F9224618CCE00C6DCC1 /* WebViewJavascriptBridgeBase.m in Sources */ = {isa = PBXBuildFile; fileRef = E1617F8A24618CCE00C6DCC1 /* WebViewJavascriptBridgeBase.m */; };
		E1617F9324618CCE00C6DCC1 /* WKWebViewJavascriptBridge.m in Sources */ = {isa = PBXBuildFile; fileRef = E1617F8B24618CCE00C6DCC1 /* WKWebViewJavascriptBridge.m */; };
		E1617F9424618CCE00C6DCC1 /* WebViewJavascriptBridge.m in Sources */ = {isa = PBXBuildFile; fileRef = E1617F8C24618CCE00C6DCC1 /* WebViewJavascriptBridge.m */; };
		E1617F9524618CCE00C6DCC1 /* WebViewJavascriptBridge_JS.m in Sources */ = {isa = PBXBuildFile; fileRef = E1617F8F24618CCE00C6DCC1 /* WebViewJavascriptBridge_JS.m */; };
		E1617F9824618E9100C6DCC1 /* UIWebViewWVJSBridge.m in Sources */ = {isa = PBXBuildFile; fileRef = E1617F9724618E9100C6DCC1 /* UIWebViewWVJSBridge.m */; };
		E1617F9A24618EBE00C6DCC1 /* UIWebView-WebViewJSBridge.html in Resources */ = {isa = PBXBuildFile; fileRef = E1617F9924618EBE00C6DCC1 /* UIWebView-WebViewJSBridge.html */; };
		E1617F9D2461966100C6DCC1 /* WebViewMessageHandler.m in Sources */ = {isa = PBXBuildFile; fileRef = E1617F9C2461966100C6DCC1 /* WebViewMessageHandler.m */; };
/* End PBXBuildFile section */

/* Begin PBXFileReference section */
		E1617F60246164A800C6DCC1 /* WebViewDemo.app */ = {isa = PBXFileReference; explicitFileType = wrapper.application; includeInIndex = 0; path = WebViewDemo.app; sourceTree = BUILT_PRODUCTS_DIR; };
		E1617F63246164A800C6DCC1 /* AppDelegate.h */ = {isa = PBXFileReference; lastKnownFileType = sourcecode.c.h; path = AppDelegate.h; sourceTree = "<group>"; };
		E1617F64246164A800C6DCC1 /* AppDelegate.m */ = {isa = PBXFileReference; lastKnownFileType = sourcecode.c.objc; path = AppDelegate.m; sourceTree = "<group>"; };
		E1617F69246164A800C6DCC1 /* ViewController.h */ = {isa = PBXFileReference; lastKnownFileType = sourcecode.c.h; path = ViewController.h; sourceTree = "<group>"; };
		E1617F6A246164A800C6DCC1 /* ViewController.m */ = {isa = PBXFileReference; lastKnownFileType = sourcecode.c.objc; path = ViewController.m; sourceTree = "<group>"; };
		E1617F6D246164A800C6DCC1 /* Base */ = {isa = PBXFileReference; lastKnownFileType = file.storyboard; name = Base; path = Base.lproj/Main.storyboard; sourceTree = "<group>"; };
		E1617F6F246164AD00C6DCC1 /* Assets.xcassets */ = {isa = PBXFileReference; lastKnownFileType = folder.assetcatalog; path = Assets.xcassets; sourceTree = "<group>"; };
		E1617F72246164AD00C6DCC1 /* Base */ = {isa = PBXFileReference; lastKnownFileType = file.storyboard; name = Base; path = Base.lproj/LaunchScreen.storyboard; sourceTree = "<group>"; };
		E1617F74246164AD00C6DCC1 /* Info.plist */ = {isa = PBXFileReference; lastKnownFileType = text.plist.xml; path = Info.plist; sourceTree = "<group>"; };
		E1617F75246164AD00C6DCC1 /* main.m */ = {isa = PBXFileReference; lastKnownFileType = sourcecode.c.objc; path = main.m; sourceTree = "<group>"; };
		E1617F7F24616C3600C6DCC1 /* UIWebView-JavaScriptCore.html */ = {isa = PBXFileReference; fileEncoding = 4; lastKnownFileType = text.html; path = "UIWebView-JavaScriptCore.html"; sourceTree = "<group>"; };
		E1617F8024616C3600C6DCC1 /* UIWebView-JSExport.html */ = {isa = PBXFileReference; fileEncoding = 4; lastKnownFileType = text.html; path = "UIWebView-JSExport.html"; sourceTree = "<group>"; };
		E1617F8324616C6600C6DCC1 /* UIWebViewJSCore.h */ = {isa = PBXFileReference; lastKnownFileType = sourcecode.c.h; path = UIWebViewJSCore.h; sourceTree = "<group>"; };
		E1617F8424616C6600C6DCC1 /* UIWebViewJSCore.m */ = {isa = PBXFileReference; lastKnownFileType = sourcecode.c.objc; path = UIWebViewJSCore.m; sourceTree = "<group>"; };
		E1617F862461748300C6DCC1 /* UIWebViewJSExport.h */ = {isa = PBXFileReference; lastKnownFileType = sourcecode.c.h; path = UIWebViewJSExport.h; sourceTree = "<group>"; };
		E1617F872461748300C6DCC1 /* UIWebViewJSExport.m */ = {isa = PBXFileReference; lastKnownFileType = sourcecode.c.objc; path = UIWebViewJSExport.m; sourceTree = "<group>"; };
		E1617F8A24618CCE00C6DCC1 /* WebViewJavascriptBridgeBase.m */ = {isa = PBXFileReference; fileEncoding = 4; lastKnownFileType = sourcecode.c.objc; path = WebViewJavascriptBridgeBase.m; sourceTree = "<group>"; };
		E1617F8B24618CCE00C6DCC1 /* WKWebViewJavascriptBridge.m */ = {isa = PBXFileReference; fileEncoding = 4; lastKnownFileType = sourcecode.c.objc; path = WKWebViewJavascriptBridge.m; sourceTree = "<group>"; };
		E1617F8C24618CCE00C6DCC1 /* WebViewJavascriptBridge.m */ = {isa = PBXFileReference; fileEncoding = 4; lastKnownFileType = sourcecode.c.objc; path = WebViewJavascriptBridge.m; sourceTree = "<group>"; };
		E1617F8D24618CCE00C6DCC1 /* WebViewJavascriptBridge_JS.h */ = {isa = PBXFileReference; fileEncoding = 4; lastKnownFileType = sourcecode.c.h; path = WebViewJavascriptBridge_JS.h; sourceTree = "<group>"; };
		E1617F8E24618CCE00C6DCC1 /* WebViewJavascriptBridgeBase.h */ = {isa = PBXFileReference; fileEncoding = 4; lastKnownFileType = sourcecode.c.h; path = WebViewJavascriptBridgeBase.h; sourceTree = "<group>"; };
		E1617F8F24618CCE00C6DCC1 /* WebViewJavascriptBridge_JS.m */ = {isa = PBXFileReference; fileEncoding = 4; lastKnownFileType = sourcecode.c.objc; path = WebViewJavascriptBridge_JS.m; sourceTree = "<group>"; };
		E1617F9024618CCE00C6DCC1 /* WebViewJavascriptBridge.h */ = {isa = PBXFileReference; fileEncoding = 4; lastKnownFileType = sourcecode.c.h; path = WebViewJavascriptBridge.h; sourceTree = "<group>"; };
		E1617F9124618CCE00C6DCC1 /* WKWebViewJavascriptBridge.h */ = {isa = PBXFileReference; fileEncoding = 4; lastKnownFileType = sourcecode.c.h; path = WKWebViewJavascriptBridge.h; sourceTree = "<group>"; };
		E1617F9624618E9100C6DCC1 /* UIWebViewWVJSBridge.h */ = {isa = PBXFileReference; lastKnownFileType = sourcecode.c.h; path = UIWebViewWVJSBridge.h; sourceTree = "<group>"; };
		E1617F9724618E9100C6DCC1 /* UIWebViewWVJSBridge.m */ = {isa = PBXFileReference; lastKnownFileType = sourcecode.c.objc; path = UIWebViewWVJSBridge.m; sourceTree = "<group>"; };
		E1617F9924618EBE00C6DCC1 /* UIWebView-WebViewJSBridge.html */ = {isa = PBXFileReference; fileEncoding = 4; lastKnownFileType = text.html; path = "UIWebView-WebViewJSBridge.html"; sourceTree = "<group>"; };
		E1617F9B2461966100C6DCC1 /* WebViewMessageHandler.h */ = {isa = PBXFileReference; lastKnownFileType = sourcecode.c.h; path = WebViewMessageHandler.h; sourceTree = "<group>"; };
		E1617F9C2461966100C6DCC1 /* WebViewMessageHandler.m */ = {isa = PBXFileReference; lastKnownFileType = sourcecode.c.objc; path = WebViewMessageHandler.m; sourceTree = "<group>"; };
/* End PBXFileReference section */

/* Begin PBXFrameworksBuildPhase section */
		E1617F5D246164A800C6DCC1 /* Frameworks */ = {
			isa = PBXFrameworksBuildPhase;
			buildActionMask = 2147483647;
			files = (
			);
			runOnlyForDeploymentPostprocessing = 0;
		};
/* End PBXFrameworksBuildPhase section */

/* Begin PBXGroup section */
		E1617F57246164A800C6DCC1 = {
			isa = PBXGroup;
			children = (
				E1617F62246164A800C6DCC1 /* WebViewDemo */,
				E1617F61246164A800C6DCC1 /* Products */,
			);
			sourceTree = "<group>";
		};
		E1617F61246164A800C6DCC1 /* Products */ = {
			isa = PBXGroup;
			children = (
				E1617F60246164A800C6DCC1 /* WebViewDemo.app */,
			);
			name = Products;
			sourceTree = "<group>";
		};
		E1617F62246164A800C6DCC1 /* WebViewDemo */ = {
			isa = PBXGroup;
			children = (
				E1617F8924618CCE00C6DCC1 /* WebViewJavascriptBridge */,
				E1617F7E24616C3600C6DCC1 /* Source */,
				E1617F7D24616C3600C6DCC1 /* WebView */,
				E1617F63246164A800C6DCC1 /* AppDelegate.h */,
				E1617F64246164A800C6DCC1 /* AppDelegate.m */,
				E1617F69246164A800C6DCC1 /* ViewController.h */,
				E1617F6A246164A800C6DCC1 /* ViewController.m */,
				E1617F6C246164A800C6DCC1 /* Main.storyboard */,
				E1617F6F246164AD00C6DCC1 /* Assets.xcassets */,
				E1617F71246164AD00C6DCC1 /* LaunchScreen.storyboard */,
				E1617F74246164AD00C6DCC1 /* Info.plist */,
				E1617F75246164AD00C6DCC1 /* main.m */,
			);
			path = WebViewDemo;
			sourceTree = "<group>";
		};
		E1617F7D24616C3600C6DCC1 /* WebView */ = {
			isa = PBXGroup;
			children = (
				E1617F8324616C6600C6DCC1 /* UIWebViewJSCore.h */,
				E1617F8424616C6600C6DCC1 /* UIWebViewJSCore.m */,
				E1617F862461748300C6DCC1 /* UIWebViewJSExport.h */,
				E1617F872461748300C6DCC1 /* UIWebViewJSExport.m */,
				E1617F9624618E9100C6DCC1 /* UIWebViewWVJSBridge.h */,
				E1617F9724618E9100C6DCC1 /* UIWebViewWVJSBridge.m */,
				E1617F9B2461966100C6DCC1 /* WebViewMessageHandler.h */,
				E1617F9C2461966100C6DCC1 /* WebViewMessageHandler.m */,
			);
			path = WebView;
			sourceTree = "<group>";
		};
		E1617F7E24616C3600C6DCC1 /* Source */ = {
			isa = PBXGroup;
			children = (
				E1617F7F24616C3600C6DCC1 /* UIWebView-JavaScriptCore.html */,
				E1617F8024616C3600C6DCC1 /* UIWebView-JSExport.html */,
				E1617F9924618EBE00C6DCC1 /* UIWebView-WebViewJSBridge.html */,
			);
			path = Source;
			sourceTree = "<group>";
		};
		E1617F8924618CCE00C6DCC1 /* WebViewJavascriptBridge */ = {
			isa = PBXGroup;
			children = (
				E1617F8A24618CCE00C6DCC1 /* WebViewJavascriptBridgeBase.m */,
				E1617F8B24618CCE00C6DCC1 /* WKWebViewJavascriptBridge.m */,
				E1617F8C24618CCE00C6DCC1 /* WebViewJavascriptBridge.m */,
				E1617F8D24618CCE00C6DCC1 /* WebViewJavascriptBridge_JS.h */,
				E1617F8E24618CCE00C6DCC1 /* WebViewJavascriptBridgeBase.h */,
				E1617F8F24618CCE00C6DCC1 /* WebViewJavascriptBridge_JS.m */,
				E1617F9024618CCE00C6DCC1 /* WebViewJavascriptBridge.h */,
				E1617F9124618CCE00C6DCC1 /* WKWebViewJavascriptBridge.h */,
			);
			path = WebViewJavascriptBridge;
			sourceTree = "<group>";
		};
/* End PBXGroup section */

/* Begin PBXNativeTarget section */
		E1617F5F246164A800C6DCC1 /* WebViewDemo */ = {
			isa = PBXNativeTarget;
			buildConfigurationList = E1617F79246164AD00C6DCC1 /* Build configuration list for PBXNativeTarget "WebViewDemo" */;
			buildPhases = (
				E1617F5C246164A800C6DCC1 /* Sources */,
				E1617F5D246164A800C6DCC1 /* Frameworks */,
				E1617F5E246164A800C6DCC1 /* Resources */,
			);
			buildRules = (
			);
			dependencies = (
			);
			name = WebViewDemo;
			productName = WebViewDemo;
			productReference = E1617F60246164A800C6DCC1 /* WebViewDemo.app */;
			productType = "com.apple.product-type.application";
		};
/* End PBXNativeTarget section */

/* Begin PBXProject section */
		E1617F58246164A800C6DCC1 /* Project object */ = {
			isa = PBXProject;
			attributes = {
				LastUpgradeCheck = 1130;
				ORGANIZATIONNAME = "任梦晗";
				TargetAttributes = {
					E1617F5F246164A800C6DCC1 = {
						CreatedOnToolsVersion = 11.3.1;
					};
				};
			};
			buildConfigurationList = E1617F5B246164A800C6DCC1 /* Build configuration list for PBXProject "WebViewDemo" */;
			compatibilityVersion = "Xcode 9.3";
			developmentRegion = en;
			hasScannedForEncodings = 0;
			knownRegions = (
				en,
				Base,
			);
			mainGroup = E1617F57246164A800C6DCC1;
			productRefGroup = E1617F61246164A800C6DCC1 /* Products */;
			projectDirPath = "";
			projectRoot = "";
			targets = (
				E1617F5F246164A800C6DCC1 /* WebViewDemo */,
			);
		};
/* End PBXProject section */

/* Begin PBXResourcesBuildPhase section */
		E1617F5E246164A800C6DCC1 /* Resources */ = {
			isa = PBXResourcesBuildPhase;
			buildActionMask = 2147483647;
			files = (
				E1617F9A24618EBE00C6DCC1 /* UIWebView-WebViewJSBridge.html in Resources */,
				E1617F8124616C3600C6DCC1 /* UIWebView-JavaScriptCore.html in Resources */,
				E1617F73246164AD00C6DCC1 /* LaunchScreen.storyboard in Resources */,
				E1617F70246164AD00C6DCC1 /* Assets.xcassets in Resources */,
				E1617F8224616C3600C6DCC1 /* UIWebView-JSExport.html in Resources */,
				E1617F6E246164A800C6DCC1 /* Main.storyboard in Resources */,
			);
			runOnlyForDeploymentPostprocessing = 0;
		};
/* End PBXResourcesBuildPhase section */

/* Begin PBXSourcesBuildPhase section */
		E1617F5C246164A800C6DCC1 /* Sources */ = {
			isa = PBXSourcesBuildPhase;
			buildActionMask = 2147483647;
			files = (
				E1617F6B246164A800C6DCC1 /* ViewController.m in Sources */,
				E1617F9424618CCE00C6DCC1 /* WebViewJavascriptBridge.m in Sources */,
				E1617F65246164A800C6DCC1 /* AppDelegate.m in Sources */,
				E1617F8524616C6600C6DCC1 /* UIWebViewJSCore.m in Sources */,
				E1617F9D2461966100C6DCC1 /* WebViewMessageHandler.m in Sources */,
				E1617F76246164AD00C6DCC1 /* main.m in Sources */,
				E1617F9524618CCE00C6DCC1 /* WebViewJavascriptBridge_JS.m in Sources */,
				E1617F9224618CCE00C6DCC1 /* WebViewJavascriptBridgeBase.m in Sources */,
				E1617F882461748300C6DCC1 /* UIWebViewJSExport.m in Sources */,
				E1617F9824618E9100C6DCC1 /* UIWebViewWVJSBridge.m in Sources */,
				E1617F9324618CCE00C6DCC1 /* WKWebViewJavascriptBridge.m in Sources */,
			);
			runOnlyForDeploymentPostprocessing = 0;
		};
/* End PBXSourcesBuildPhase section */

/* Begin PBXVariantGroup section */
		E1617F6C246164A800C6DCC1 /* Main.storyboard */ = {
			isa = PBXVariantGroup;
			children = (
				E1617F6D246164A800C6DCC1 /* Base */,
			);
			name = Main.storyboard;
			sourceTree = "<group>";
		};
		E1617F71246164AD00C6DCC1 /* LaunchScreen.storyboard */ = {
			isa = PBXVariantGroup;
			children = (
				E1617F72246164AD00C6DCC1 /* Base */,
			);
			name = LaunchScreen.storyboard;
			sourceTree = "<group>";
		};
/* End PBXVariantGroup section */

/* Begin XCBuildConfiguration section */
		E1617F77246164AD00C6DCC1 /* Debug */ = {
			isa = XCBuildConfiguration;
			buildSettings = {
				ALWAYS_SEARCH_USER_PATHS = NO;
				CLANG_ANALYZER_NONNULL = YES;
				CLANG_ANALYZER_NUMBER_OBJECT_CONVERSION = YES_AGGRESSIVE;
				CLANG_CXX_LANGUAGE_STANDARD = "gnu++14";
				CLANG_CXX_LIBRARY = "libc++";
				CLANG_ENABLE_MODULES = YES;
				CLANG_ENABLE_OBJC_ARC = YES;
				CLANG_ENABLE_OBJC_WEAK = YES;
				CLANG_WARN_BLOCK_CAPTURE_AUTORELEASING = YES;
				CLANG_WARN_BOOL_CONVERSION = YES;
				CLANG_WARN_COMMA = YES;
				CLANG_WARN_CONSTANT_CONVERSION = YES;
				CLANG_WARN_DEPRECATED_OBJC_IMPLEMENTATIONS = YES;
				CLANG_WARN_DIRECT_OBJC_ISA_USAGE = YES_ERROR;
				CLANG_WARN_DOCUMENTATION_COMMENTS = YES;
				CLANG_WARN_EMPTY_BODY = YES;
				CLANG_WARN_ENUM_CONVERSION = YES;
				CLANG_WARN_INFINITE_RECURSION = YES;
				CLANG_WARN_INT_CONVERSION = YES;
				CLANG_WARN_NON_LITERAL_NULL_CONVERSION = YES;
				CLANG_WARN_OBJC_IMPLICIT_RETAIN_SELF = YES;
				CLANG_WARN_OBJC_LITERAL_CONVERSION = YES;
				CLANG_WARN_OBJC_ROOT_CLASS = YES_ERROR;
				CLANG_WARN_RANGE_LOOP_ANALYSIS = YES;
				CLANG_WARN_STRICT_PROTOTYPES = YES;
				CLANG_WARN_SUSPICIOUS_MOVE = YES;
				CLANG_WARN_UNGUARDED_AVAILABILITY = YES_AGGRESSIVE;
				CLANG_WARN_UNREACHABLE_CODE = YES;
				CLANG_WARN__DUPLICATE_METHOD_MATCH = YES;
				COPY_PHASE_STRIP = NO;
				DEBUG_INFORMATION_FORMAT = dwarf;
				ENABLE_STRICT_OBJC_MSGSEND = YES;
				ENABLE_TESTABILITY = YES;
				GCC_C_LANGUAGE_STANDARD = gnu11;
				GCC_DYNAMIC_NO_PIC = NO;
				GCC_NO_COMMON_BLOCKS = YES;
				GCC_OPTIMIZATION_LEVEL = 0;
				GCC_PREPROCESSOR_DEFINITIONS = (
					"DEBUG=1",
					"$(inherited)",
				);
				GCC_WARN_64_TO_32_BIT_CONVERSION = YES;
				GCC_WARN_ABOUT_RETURN_TYPE = YES_ERROR;
				GCC_WARN_UNDECLARED_SELECTOR = YES;
				GCC_WARN_UNINITIALIZED_AUTOS = YES_AGGRESSIVE;
				GCC_WARN_UNUSED_FUNCTION = YES;
				GCC_WARN_UNUSED_VARIABLE = YES;
				IPHONEOS_DEPLOYMENT_TARGET = 13.2;
				MTL_ENABLE_DEBUG_INFO = INCLUDE_SOURCE;
				MTL_FAST_MATH = YES;
				ONLY_ACTIVE_ARCH = YES;
				SDKROOT = iphoneos;
			};
			name = Debug;
		};
		E1617F78246164AD00C6DCC1 /* Release */ = {
			isa = XCBuildConfiguration;
			buildSettings = {
				ALWAYS_SEARCH_USER_PATHS = NO;
				CLANG_ANALYZER_NONNULL = YES;
				CLANG_ANALYZER_NUMBER_OBJECT_CONVERSION = YES_AGGRESSIVE;
				CLANG_CXX_LANGUAGE_STANDARD = "gnu++14";
				CLANG_CXX_LIBRARY = "libc++";
				CLANG_ENABLE_MODULES = YES;
				CLANG_ENABLE_OBJC_ARC = YES;
				CLANG_ENABLE_OBJC_WEAK = YES;
				CLANG_WARN_BLOCK_CAPTURE_AUTORELEASING = YES;
				CLANG_WARN_BOOL_CONVERSION = YES;
				CLANG_WARN_COMMA = YES;
				CLANG_WARN_CONSTANT_CONVERSION = YES;
				CLANG_WARN_DEPRECATED_OBJC_IMPLEMENTATIONS = YES;
				CLANG_WARN_DIRECT_OBJC_ISA_USAGE = YES_ERROR;
				CLANG_WARN_DOCUMENTATION_COMMENTS = YES;
				CLANG_WARN_EMPTY_BODY = YES;
				CLANG_WARN_ENUM_CONVERSION = YES;
				CLANG_WARN_INFINITE_RECURSION = YES;
				CLANG_WARN_INT_CONVERSION = YES;
				CLANG_WARN_NON_LITERAL_NULL_CONVERSION = YES;
				CLANG_WARN_OBJC_IMPLICIT_RETAIN_SELF = YES;
				CLANG_WARN_OBJC_LITERAL_CONVERSION = YES;
				CLANG_WARN_OBJC_ROOT_CLASS = YES_ERROR;
				CLANG_WARN_RANGE_LOOP_ANALYSIS = YES;
				CLANG_WARN_STRICT_PROTOTYPES = YES;
				CLANG_WARN_SUSPICIOUS_MOVE = YES;
				CLANG_WARN_UNGUARDED_AVAILABILITY = YES_AGGRESSIVE;
				CLANG_WARN_UNREACHABLE_CODE = YES;
				CLANG_WARN__DUPLICATE_METHOD_MATCH = YES;
				COPY_PHASE_STRIP = NO;
				DEBUG_INFORMATION_FORMAT = "dwarf-with-dsym";
				ENABLE_NS_ASSERTIONS = NO;
				ENABLE_STRICT_OBJC_MSGSEND = YES;
				GCC_C_LANGUAGE_STANDARD = gnu11;
				GCC_NO_COMMON_BLOCKS = YES;
				GCC_WARN_64_TO_32_BIT_CONVERSION = YES;
				GCC_WARN_ABOUT_RETURN_TYPE = YES_ERROR;
				GCC_WARN_UNDECLARED_SELECTOR = YES;
				GCC_WARN_UNINITIALIZED_AUTOS = YES_AGGRESSIVE;
				GCC_WARN_UNUSED_FUNCTION = YES;
				GCC_WARN_UNUSED_VARIABLE = YES;
				IPHONEOS_DEPLOYMENT_TARGET = 13.2;
				MTL_ENABLE_DEBUG_INFO = NO;
				MTL_FAST_MATH = YES;
				SDKROOT = iphoneos;
				VALIDATE_PRODUCT = YES;
			};
			name = Release;
		};
		E1617F7A246164AD00C6DCC1 /* Debug */ = {
			isa = XCBuildConfiguration;
			buildSettings = {
				ASSETCATALOG_COMPILER_APPICON_NAME = AppIcon;
				CODE_SIGN_STYLE = Automatic;
				INFOPLIST_FILE = WebViewDemo/Info.plist;
				LD_RUNPATH_SEARCH_PATHS = (
					"$(inherited)",
					"@executable_path/Frameworks",
				);
				PRODUCT_BUNDLE_IDENTIFIER = com.ren.WebViewDemo;
				PRODUCT_NAME = "$(TARGET_NAME)";
				TARGETED_DEVICE_FAMILY = 1;
			};
			name = Debug;
		};
		E1617F7B246164AD00C6DCC1 /* Release */ = {
			isa = XCBuildConfiguration;
			buildSettings = {
				ASSETCATALOG_COMPILER_APPICON_NAME = AppIcon;
				CODE_SIGN_STYLE = Automatic;
				INFOPLIST_FILE = WebViewDemo/Info.plist;
				LD_RUNPATH_SEARCH_PATHS = (
					"$(inherited)",
					"@executable_path/Frameworks",
				);
				PRODUCT_BUNDLE_IDENTIFIER = com.ren.WebViewDemo;
				PRODUCT_NAME = "$(TARGET_NAME)";
				TARGETED_DEVICE_FAMILY = 1;
			};
			name = Release;
		};
/* End XCBuildConfiguration section */

/* Begin XCConfigurationList section */
		E1617F5B246164A800C6DCC1 /* Build configuration list for PBXProject "WebViewDemo" */ = {
			isa = XCConfigurationList;
			buildConfigurations = (
				E1617F77246164AD00C6DCC1 /* Debug */,
				E1617F78246164AD00C6DCC1 /* Release */,
			);
			defaultConfigurationIsVisible = 0;
			defaultConfigurationName = Release;
		};
		E1617F79246164AD00C6DCC1 /* Build configuration list for PBXNativeTarget "WebViewDemo" */ = {
			isa = XCConfigurationList;
			buildConfigurations = (
				E1617F7A246164AD00C6DCC1 /* Debug */,
				E1617F7B246164AD00C6DCC1 /* Release */,
			);
			defaultConfigurationIsVisible = 0;
			defaultConfigurationName = Release;
		};
/* End XCConfigurationList section */
	};
	rootObject = E1617F58246164A800C6DCC1 /* Project object */;
}
